
Microsoft Visual Studio Solution File, Format Version 12.00
# Visual Studio Version 17
VisualStudioVersion = 17.11.35327.3
MinimumVisualStudioVersion = 10.0.40219.1
Project("{FAE04EC0-301F-11D3-BF4B-00C04F79EFBC}") = "RegressionAnalysisLibrary", "Regression_analysis\RegressionAnalysisLibrary.csproj", "{180554D0-B4BA-466C-BD29-8B8A94261262}"
EndProject
Project("{FAE04EC0-301F-11D3-BF4B-00C04F79EFBC}") = "RegressionAnalysisApplication", "RegressionAnalysisApplication\RegressionAnalysisApplication.csproj", "{0497DE34-2ADA-48DA-B5D9-D9FCEC47A674}"
EndProject
Global
	GlobalSection(SolutionConfigurationPlatforms) = preSolution
		Debug|Any CPU = Debug|Any CPU
		Release|Any CPU = Release|Any CPU
	EndGlobalSection
	GlobalSection(ProjectConfigurationPlatforms) = postSolution
		{180554D0-B4BA-466C-BD29-8B8A94261262}.Debug|Any CPU.ActiveCfg = Debug|Any CPU
		{180554D0-B4BA-466C-BD29-8B8A94261262}.Debug|Any CPU.Build.0 = Debug|Any CPU
		{180554D0-B4BA-466C-BD29-8B8A94261262}.Release|Any CPU.ActiveCfg = Release|Any CPU
		{180554D0-B4BA-466C-BD29-8B8A94261262}.Release|Any CPU.Build.0 = Release|Any CPU
		{0497DE34-2ADA-48DA-B5D9-D9FCEC47A674}.Debug|Any CPU.ActiveCfg = Debug|Any CPU
		{0497DE34-2ADA-48DA-B5D9-D9FCEC47A674}.Debug|Any CPU.Build.0 = Debug|Any CPU
		{0497DE34-2ADA-48DA-B5D9-D9FCEC47A674}.Release|Any CPU.ActiveCfg = Release|Any CPU
		{0497DE34-2ADA-48DA-B5D9-D9FCEC47A674}.Release|Any CPU.Build.0 = Release|Any CPU
	EndGlobalSection
	GlobalSection(SolutionProperties) = preSolution
		HideSolutionNode = FALSE
	EndGlobalSection
	GlobalSection(ExtensibilityGlobals) = postSolution
		SolutionGuid = {2B597054-5FD0-4F6F-A2EF-0F3A34EB2ABD}
	EndGlobalSection
EndGlobal
